
Microsoft Visual Studio Solution File, Format Version 12.00
# Visual Studio Version 18
VisualStudioVersion = 18.2.11408.102
MinimumVisualStudioVersion = 10.0.40219.1
Project("{2150E333-8FDC-42A3-9474-1A3956D46DE8}") = "src", "src", "{827E0CD3-B72D-47B6-A68D-7590B98EB39B}"
EndProject
Project("{2150E333-8FDC-42A3-9474-1A3956D46DE8}") = "backend", "backend", "{FE360695-3F2B-1049-3887-35FBB5135923}"
EndProject
Project("{FAE04EC0-301F-11D3-BF4B-00C04F79EFBC}") = "TWAction.Api", "src\backend\TWAction.Api\TWAction.Api.csproj", "{536940FF-0B32-44EE-ADF8-39AC5468C494}"
EndProject
Project("{2150E333-8FDC-42A3-9474-1A3956D46DE8}") = "tests", "tests", "{0AB3BF05-4346-4AA6-1389-037BE0695223}"
EndProject
Project("{FAE04EC0-301F-11D3-BF4B-00C04F79EFBC}") = "TWAction.UnitTests", "tests\TWAction.UnitTests\TWAction.UnitTests.csproj", "{FCDD9CCF-9926-412F-94AF-FA1F8839BC6F}"
EndProject
Project("{FAE04EC0-301F-11D3-BF4B-00C04F79EFBC}") = "TWAction.IntegrationTests", "tests\TWAction.IntegrationTests\TWAction.IntegrationTests.csproj", "{0EB9C1E8-36D9-4B53-BE18-8B9896319593}"
EndProject
Project("{FAE04EC0-301F-11D3-BF4B-00C04F79EFBC}") = "TWAction.Domain", "src\backend\TWAction.Domain\TWAction.Domain.csproj", "{2EABDEBB-1F78-446C-AF77-0E235E129AFB}"
EndProject
Project("{FAE04EC0-301F-11D3-BF4B-00C04F79EFBC}") = "TWAction.Application", "src\backend\TWAction.Application\TWAction.Application.csproj", "{2F477172-A129-4300-940A-8F83A215C05A}"
EndProject
Project("{FAE04EC0-301F-11D3-BF4B-00C04F79EFBC}") = "TWAction.Persistence", "src\backend\TWAction.Persistence\TWAction.Persistence.csproj", "{7ABE3902-DA12-424C-A4BA-D208CD2DC566}"
EndProject
Project("{FAE04EC0-301F-11D3-BF4B-00C04F79EFBC}") = "TWAction.Infrastructure", "src\backend\TWAction.Infrastructure\TWAction.Infrastructure.csproj", "{9D4E4F24-5A4A-4EF7-B7D6-5048C93F914E}"
EndProject
Project("{2150E333-8FDC-42A3-9474-1A3956D46DE8}") = "aspire", "aspire", "{64880D93-BAB4-FF83-898C-B934B68C31A9}"
EndProject
Project("{FAE04EC0-301F-11D3-BF4B-00C04F79EFBC}") = "TwAction.AppHost", "aspire\TwAction.AppHost\TwAction.AppHost.csproj", "{474A94BF-D535-458D-A8C0-63B71CFF54CE}"
EndProject
Project("{FAE04EC0-301F-11D3-BF4B-00C04F79EFBC}") = "TwAction.ServiceDefaults", "aspire\TwAction.ServiceDefaults\TwAction.ServiceDefaults.csproj", "{150C8EB4-F83E-4257-AF9D-D533FCEC4151}"
EndProject
Project("{2150E333-8FDC-42A3-9474-1A3956D46DE8}") = "actionGenerator", "actionGenerator", "{629928A5-41E9-4ACF-84D7-A4E3ACD8152E}"
EndProject
Project("{FAE04EC0-301F-11D3-BF4B-00C04F79EFBC}") = "ActionGenerator.Api", "src\ActionGenerator\ActionGenerator.Api\ActionGenerator.Api.csproj", "{FBAA35E8-F583-49F1-B0F6-F5D6A0EA432C}"
EndProject
Project("{FAE04EC0-301F-11D3-BF4B-00C04F79EFBC}") = "ActionGenerator.Infrastructure", "src\ActionGenerator\ActionGenerator.Infrastructure\ActionGenerator.Infrastructure.csproj", "{8F31F7A2-95D3-4E58-B356-0A3AAC378B70}"
EndProject
Project("{FAE04EC0-301F-11D3-BF4B-00C04F79EFBC}") = "ActionGenerator.Application", "src\ActionGenerator\ActionGenerator.Application\ActionGenerator.Application.csproj", "{A5F79116-CAB9-4E0D-9A18-B193E0D5B564}"
EndProject
Project("{FAE04EC0-301F-11D3-BF4B-00C04F79EFBC}") = "ActionGenerator.Domain", "src\ActionGenerator\ActionGenerator.Domain\ActionGenerator.Domain.csproj", "{49F0AD78-112F-4CB9-A01D-8FBFA3B18B1A}"
EndProject
Global
	GlobalSection(SolutionConfigurationPlatforms) = preSolution
		Debug|Any CPU = Debug|Any CPU
		Debug|x64 = Debug|x64
		Debug|x86 = Debug|x86
		Release|Any CPU = Release|Any CPU
		Release|x64 = Release|x64
		Release|x86 = Release|x86
	EndGlobalSection
	GlobalSection(ProjectConfigurationPlatforms) = postSolution
		{536940FF-0B32-44EE-ADF8-39AC5468C494}.Debug|Any CPU.ActiveCfg = Debug|Any CPU
		{536940FF-0B32-44EE-ADF8-39AC5468C494}.Debug|Any CPU.Build.0 = Debug|Any CPU
		{536940FF-0B32-44EE-ADF8-39AC5468C494}.Debug|x64.ActiveCfg = Debug|Any CPU
		{536940FF-0B32-44EE-ADF8-39AC5468C494}.Debug|x64.Build.0 = Debug|Any CPU
		{536940FF-0B32-44EE-ADF8-39AC5468C494}.Debug|x86.ActiveCfg = Debug|Any CPU
		{536940FF-0B32-44EE-ADF8-39AC5468C494}.Debug|x86.Build.0 = Debug|Any CPU
		{536940FF-0B32-44EE-ADF8-39AC5468C494}.Release|Any CPU.ActiveCfg = Release|Any CPU
		{536940FF-0B32-44EE-ADF8-39AC5468C494}.Release|Any CPU.Build.0 = Release|Any CPU
		{536940FF-0B32-44EE-ADF8-39AC5468C494}.Release|x64.ActiveCfg = Release|Any CPU
		{536940FF-0B32-44EE-ADF8-39AC5468C494}.Release|x64.Build.0 = Release|Any CPU
		{536940FF-0B32-44EE-ADF8-39AC5468C494}.Release|x86.ActiveCfg = Release|Any CPU
		{536940FF-0B32-44EE-ADF8-39AC5468C494}.Release|x86.Build.0 = Release|Any CPU
		{FCDD9CCF-9926-412F-94AF-FA1F8839BC6F}.Debug|Any CPU.ActiveCfg = Debug|Any CPU
		{FCDD9CCF-9926-412F-94AF-FA1F8839BC6F}.Debug|Any CPU.Build.0 = Debug|Any CPU
		{FCDD9CCF-9926-412F-94AF-FA1F8839BC6F}.Debug|x64.ActiveCfg = Debug|Any CPU
		{FCDD9CCF-9926-412F-94AF-FA1F8839BC6F}.Debug|x64.Build.0 = Debug|Any CPU
		{FCDD9CCF-9926-412F-94AF-FA1F8839BC6F}.Debug|x86.ActiveCfg = Debug|Any CPU
		{FCDD9CCF-9926-412F-94AF-FA1F8839BC6F}.Debug|x86.Build.0 = Debug|Any CPU
		{FCDD9CCF-9926-412F-94AF-FA1F8839BC6F}.Release|Any CPU.ActiveCfg = Release|Any CPU
		{FCDD9CCF-9926-412F-94AF-FA1F8839BC6F}.Release|Any CPU.Build.0 = Release|Any CPU
		{FCDD9CCF-9926-412F-94AF-FA1F8839BC6F}.Release|x64.ActiveCfg = Release|Any CPU
		{FCDD9CCF-9926-412F-94AF-FA1F8839BC6F}.Release|x64.Build.0 = Release|Any CPU
		{FCDD9CCF-9926-412F-94AF-FA1F8839BC6F}.Release|x86.ActiveCfg = Release|Any CPU
		{FCDD9CCF-9926-412F-94AF-FA1F8839BC6F}.Release|x86.Build.0 = Release|Any CPU
		{0EB9C1E8-36D9-4B53-BE18-8B9896319593}.Debug|Any CPU.ActiveCfg = Debug|Any CPU
		{0EB9C1E8-36D9-4B53-BE18-8B9896319593}.Debug|Any CPU.Build.0 = Debug|Any CPU
		{0EB9C1E8-36D9-4B53-BE18-8B9896319593}.Debug|x64.ActiveCfg = Debug|Any CPU
		{0EB9C1E8-36D9-4B53-BE18-8B9896319593}.Debug|x64.Build.0 = Debug|Any CPU
		{0EB9C1E8-36D9-4B53-BE18-8B9896319593}.Debug|x86.ActiveCfg = Debug|Any CPU
		{0EB9C1E8-36D9-4B53-BE18-8B9896319593}.Debug|x86.Build.0 = Debug|Any CPU
		{0EB9C1E8-36D9-4B53-BE18-8B9896319593}.Release|Any CPU.ActiveCfg = Release|Any CPU
		{0EB9C1E8-36D9-4B53-BE18-8B9896319593}.Release|Any CPU.Build.0 = Release|Any CPU
		{0EB9C1E8-36D9-4B53-BE18-8B9896319593}.Release|x64.ActiveCfg = Release|Any CPU
		{0EB9C1E8-36D9-4B53-BE18-8B9896319593}.Release|x64.Build.0 = Release|Any CPU
		{0EB9C1E8-36D9-4B53-BE18-8B9896319593}.Release|x86.ActiveCfg = Release|Any CPU
		{0EB9C1E8-36D9-4B53-BE18-8B9896319593}.Release|x86.Build.0 = Release|Any CPU
		{2EABDEBB-1F78-446C-AF77-0E235E129AFB}.Debug|Any CPU.ActiveCfg = Debug|Any CPU
		{2EABDEBB-1F78-446C-AF77-0E235E129AFB}.Debug|Any CPU.Build.0 = Debug|Any CPU
		{2EABDEBB-1F78-446C-AF77-0E235E129AFB}.Debug|x64.ActiveCfg = Debug|Any CPU
		{2EABDEBB-1F78-446C-AF77-0E235E129AFB}.Debug|x64.Build.0 = Debug|Any CPU
		{2EABDEBB-1F78-446C-AF77-0E235E129AFB}.Debug|x86.ActiveCfg = Debug|Any CPU
		{2EABDEBB-1F78-446C-AF77-0E235E129AFB}.Debug|x86.Build.0 = Debug|Any CPU
		{2EABDEBB-1F78-446C-AF77-0E235E129AFB}.Release|Any CPU.ActiveCfg = Release|Any CPU
		{2EABDEBB-1F78-446C-AF77-0E235E129AFB}.Release|Any CPU.Build.0 = Release|Any CPU
		{2EABDEBB-1F78-446C-AF77-0E235E129AFB}.Release|x64.ActiveCfg = Release|Any CPU
		{2EABDEBB-1F78-446C-AF77-0E235E129AFB}.Release|x64.Build.0 = Release|Any CPU
		{2EABDEBB-1F78-446C-AF77-0E235E129AFB}.Release|x86.ActiveCfg = Release|Any CPU
		{2EABDEBB-1F78-446C-AF77-0E235E129AFB}.Release|x86.Build.0 = Release|Any CPU
		{2F477172-A129-4300-940A-8F83A215C05A}.Debug|Any CPU.ActiveCfg = Debug|Any CPU
		{2F477172-A129-4300-940A-8F83A215C05A}.Debug|Any CPU.Build.0 = Debug|Any CPU
		{2F477172-A129-4300-940A-8F83A215C05A}.Debug|x64.ActiveCfg = Debug|Any CPU
		{2F477172-A129-4300-940A-8F83A215C05A}.Debug|x64.Build.0 = Debug|Any CPU
		{2F477172-A129-4300-940A-8F83A215C05A}.Debug|x86.ActiveCfg = Debug|Any CPU
		{2F477172-A129-4300-940A-8F83A215C05A}.Debug|x86.Build.0 = Debug|Any CPU
		{2F477172-A129-4300-940A-8F83A215C05A}.Release|Any CPU.ActiveCfg = Release|Any CPU
		{2F477172-A129-4300-940A-8F83A215C05A}.Release|Any CPU.Build.0 = Release|Any CPU
		{2F477172-A129-4300-940A-8F83A215C05A}.Release|x64.ActiveCfg = Release|Any CPU
		{2F477172-A129-4300-940A-8F83A215C05A}.Release|x64.Build.0 = Release|Any CPU
		{2F477172-A129-4300-940A-8F83A215C05A}.Release|x86.ActiveCfg = Release|Any CPU
		{2F477172-A129-4300-940A-8F83A215C05A}.Release|x86.Build.0 = Release|Any CPU
		{7ABE3902-DA12-424C-A4BA-D208CD2DC566}.Debug|Any CPU.ActiveCfg = Debug|Any CPU
		{7ABE3902-DA12-424C-A4BA-D208CD2DC566}.Debug|Any CPU.Build.0 = Debug|Any CPU
		{7ABE3902-DA12-424C-A4BA-D208CD2DC566}.Debug|x64.ActiveCfg = Debug|Any CPU
		{7ABE3902-DA12-424C-A4BA-D208CD2DC566}.Debug|x64.Build.0 = Debug|Any CPU
		{7ABE3902-DA12-424C-A4BA-D208CD2DC566}.Debug|x86.ActiveCfg = Debug|Any CPU
		{7ABE3902-DA12-424C-A4BA-D208CD2DC566}.Debug|x86.Build.0 = Debug|Any CPU
		{7ABE3902-DA12-424C-A4BA-D208CD2DC566}.Release|Any CPU.ActiveCfg = Release|Any CPU
		{7ABE3902-DA12-424C-A4BA-D208CD2DC566}.Release|Any CPU.Build.0 = Release|Any CPU
		{7ABE3902-DA12-424C-A4BA-D208CD2DC566}.Release|x64.ActiveCfg = Release|Any CPU
		{7ABE3902-DA12-424C-A4BA-D208CD2DC566}.Release|x64.Build.0 = Release|Any CPU
		{7ABE3902-DA12-424C-A4BA-D208CD2DC566}.Release|x86.ActiveCfg = Release|Any CPU
		{7ABE3902-DA12-424C-A4BA-D208CD2DC566}.Release|x86.Build.0 = Release|Any CPU
		{9D4E4F24-5A4A-4EF7-B7D6-5048C93F914E}.Debug|Any CPU.ActiveCfg = Debug|Any CPU
		{9D4E4F24-5A4A-4EF7-B7D6-5048C93F914E}.Debug|Any CPU.Build.0 = Debug|Any CPU
		{9D4E4F24-5A4A-4EF7-B7D6-5048C93F914E}.Debug|x64.ActiveCfg = Debug|Any CPU
		{9D4E4F24-5A4A-4EF7-B7D6-5048C93F914E}.Debug|x64.Build.0 = Debug|Any CPU
		{9D4E4F24-5A4A-4EF7-B7D6-5048C93F914E}.Debug|x86.ActiveCfg = Debug|Any CPU
		{9D4E4F24-5A4A-4EF7-B7D6-5048C93F914E}.Debug|x86.Build.0 = Debug|Any CPU
		{9D4E4F24-5A4A-4EF7-B7D6-5048C93F914E}.Release|Any CPU.ActiveCfg = Release|Any CPU
		{9D4E4F24-5A4A-4EF7-B7D6-5048C93F914E}.Release|Any CPU.Build.0 = Release|Any CPU
		{9D4E4F24-5A4A-4EF7-B7D6-5048C93F914E}.Release|x64.ActiveCfg = Release|Any CPU
		{9D4E4F24-5A4A-4EF7-B7D6-5048C93F914E}.Release|x64.Build.0 = Release|Any CPU
		{9D4E4F24-5A4A-4EF7-B7D6-5048C93F914E}.Release|x86.ActiveCfg = Release|Any CPU
		{9D4E4F24-5A4A-4EF7-B7D6-5048C93F914E}.Release|x86.Build.0 = Release|Any CPU
		{474A94BF-D535-458D-A8C0-63B71CFF54CE}.Debug|Any CPU.ActiveCfg = Debug|Any CPU
		{474A94BF-D535-458D-A8C0-63B71CFF54CE}.Debug|Any CPU.Build.0 = Debug|Any CPU
		{474A94BF-D535-458D-A8C0-63B71CFF54CE}.Debug|x64.ActiveCfg = Debug|Any CPU
		{474A94BF-D535-458D-A8C0-63B71CFF54CE}.Debug|x64.Build.0 = Debug|Any CPU
		{474A94BF-D535-458D-A8C0-63B71CFF54CE}.Debug|x86.ActiveCfg = Debug|Any CPU
		{474A94BF-D535-458D-A8C0-63B71CFF54CE}.Debug|x86.Build.0 = Debug|Any CPU
		{474A94BF-D535-458D-A8C0-63B71CFF54CE}.Release|Any CPU.ActiveCfg = Release|Any CPU
		{474A94BF-D535-458D-A8C0-63B71CFF54CE}.Release|Any CPU.Build.0 = Release|Any CPU
		{474A94BF-D535-458D-A8C0-63B71CFF54CE}.Release|x64.ActiveCfg = Release|Any CPU
		{474A94BF-D535-458D-A8C0-63B71CFF54CE}.Release|x64.Build.0 = Release|Any CPU
		{474A94BF-D535-458D-A8C0-63B71CFF54CE}.Release|x86.ActiveCfg = Release|Any CPU
		{474A94BF-D535-458D-A8C0-63B71CFF54CE}.Release|x86.Build.0 = Release|Any CPU
		{150C8EB4-F83E-4257-AF9D-D533FCEC4151}.Debug|Any CPU.ActiveCfg = Debug|Any CPU
		{150C8EB4-F83E-4257-AF9D-D533FCEC4151}.Debug|Any CPU.Build.0 = Debug|Any CPU
		{150C8EB4-F83E-4257-AF9D-D533FCEC4151}.Debug|x64.ActiveCfg = Debug|Any CPU
		{150C8EB4-F83E-4257-AF9D-D533FCEC4151}.Debug|x64.Build.0 = Debug|Any CPU
		{150C8EB4-F83E-4257-AF9D-D533FCEC4151}.Debug|x86.ActiveCfg = Debug|Any CPU
		{150C8EB4-F83E-4257-AF9D-D533FCEC4151}.Debug|x86.Build.0 = Debug|Any CPU
		{150C8EB4-F83E-4257-AF9D-D533FCEC4151}.Release|Any CPU.ActiveCfg = Release|Any CPU
		{150C8EB4-F83E-4257-AF9D-D533FCEC4151}.Release|Any CPU.Build.0 = Release|Any CPU
		{150C8EB4-F83E-4257-AF9D-D533FCEC4151}.Release|x64.ActiveCfg = Release|Any CPU
		{150C8EB4-F83E-4257-AF9D-D533FCEC4151}.Release|x64.Build.0 = Release|Any CPU
		{150C8EB4-F83E-4257-AF9D-D533FCEC4151}.Release|x86.ActiveCfg = Release|Any CPU
		{150C8EB4-F83E-4257-AF9D-D533FCEC4151}.Release|x86.Build.0 = Release|Any CPU
		{FBAA35E8-F583-49F1-B0F6-F5D6A0EA432C}.Debug|Any CPU.ActiveCfg = Debug|Any CPU
		{FBAA35E8-F583-49F1-B0F6-F5D6A0EA432C}.Debug|Any CPU.Build.0 = Debug|Any CPU
		{FBAA35E8-F583-49F1-B0F6-F5D6A0EA432C}.Debug|x64.ActiveCfg = Debug|Any CPU
		{FBAA35E8-F583-49F1-B0F6-F5D6A0EA432C}.Debug|x64.Build.0 = Debug|Any CPU
		{FBAA35E8-F583-49F1-B0F6-F5D6A0EA432C}.Debug|x86.ActiveCfg = Debug|Any CPU
		{FBAA35E8-F583-49F1-B0F6-F5D6A0EA432C}.Debug|x86.Build.0 = Debug|Any CPU
		{FBAA35E8-F583-49F1-B0F6-F5D6A0EA432C}.Release|Any CPU.ActiveCfg = Release|Any CPU
		{FBAA35E8-F583-49F1-B0F6-F5D6A0EA432C}.Release|Any CPU.Build.0 = Release|Any CPU
		{FBAA35E8-F583-49F1-B0F6-F5D6A0EA432C}.Release|x64.ActiveCfg = Release|Any CPU
		{FBAA35E8-F583-49F1-B0F6-F5D6A0EA432C}.Release|x64.Build.0 = Release|Any CPU
		{FBAA35E8-F583-49F1-B0F6-F5D6A0EA432C}.Release|x86.ActiveCfg = Release|Any CPU
		{FBAA35E8-F583-49F1-B0F6-F5D6A0EA432C}.Release|x86.Build.0 = Release|Any CPU
		{8F31F7A2-95D3-4E58-B356-0A3AAC378B70}.Debug|Any CPU.ActiveCfg = Debug|Any CPU
		{8F31F7A2-95D3-4E58-B356-0A3AAC378B70}.Debug|Any CPU.Build.0 = Debug|Any CPU
		{8F31F7A2-95D3-4E58-B356-0A3AAC378B70}.Debug|x64.ActiveCfg = Debug|Any CPU
		{8F31F7A2-95D3-4E58-B356-0A3AAC378B70}.Debug|x64.Build.0 = Debug|Any CPU
		{8F31F7A2-95D3-4E58-B356-0A3AAC378B70}.Debug|x86.ActiveCfg = Debug|Any CPU
		{8F31F7A2-95D3-4E58-B356-0A3AAC378B70}.Debug|x86.Build.0 = Debug|Any CPU
		{8F31F7A2-95D3-4E58-B356-0A3AAC378B70}.Release|Any CPU.ActiveCfg = Release|Any CPU
		{8F31F7A2-95D3-4E58-B356-0A3AAC378B70}.Release|Any CPU.Build.0 = Release|Any CPU
		{8F31F7A2-95D3-4E58-B356-0A3AAC378B70}.Release|x64.ActiveCfg = Release|Any CPU
		{8F31F7A2-95D3-4E58-B356-0A3AAC378B70}.Release|x64.Build.0 = Release|Any CPU
		{8F31F7A2-95D3-4E58-B356-0A3AAC378B70}.Release|x86.ActiveCfg = Release|Any CPU
		{8F31F7A2-95D3-4E58-B356-0A3AAC378B70}.Release|x86.Build.0 = Release|Any CPU
		{A5F79116-CAB9-4E0D-9A18-B193E0D5B564}.Debug|Any CPU.ActiveCfg = Debug|Any CPU
		{A5F79116-CAB9-4E0D-9A18-B193E0D5B564}.Debug|Any CPU.Build.0 = Debug|Any CPU
		{A5F79116-CAB9-4E0D-9A18-B193E0D5B564}.Debug|x64.ActiveCfg = Debug|Any CPU
		{A5F79116-CAB9-4E0D-9A18-B193E0D5B564}.Debug|x64.Build.0 = Debug|Any CPU
		{A5F79116-CAB9-4E0D-9A18-B193E0D5B564}.Debug|x86.ActiveCfg = Debug|Any CPU
		{A5F79116-CAB9-4E0D-9A18-B193E0D5B564}.Debug|x86.Build.0 = Debug|Any CPU
		{A5F79116-CAB9-4E0D-9A18-B193E0D5B564}.Release|Any CPU.ActiveCfg = Release|Any CPU
		{A5F79116-CAB9-4E0D-9A18-B193E0D5B564}.Release|Any CPU.Build.0 = Release|Any CPU
		{A5F79116-CAB9-4E0D-9A18-B193E0D5B564}.Release|x64.ActiveCfg = Release|Any CPU
		{A5F79116-CAB9-4E0D-9A18-B193E0D5B564}.Release|x64.Build.0 = Release|Any CPU
		{A5F79116-CAB9-4E0D-9A18-B193E0D5B564}.Release|x86.ActiveCfg = Release|Any CPU
		{A5F79116-CAB9-4E0D-9A18-B193E0D5B564}.Release|x86.Build.0 = Release|Any CPU
		{49F0AD78-112F-4CB9-A01D-8FBFA3B18B1A}.Debug|Any CPU.ActiveCfg = Debug|Any CPU
		{49F0AD78-112F-4CB9-A01D-8FBFA3B18B1A}.Debug|Any CPU.Build.0 = Debug|Any CPU
		{49F0AD78-112F-4CB9-A01D-8FBFA3B18B1A}.Debug|x64.ActiveCfg = Debug|Any CPU
		{49F0AD78-112F-4CB9-A01D-8FBFA3B18B1A}.Debug|x64.Build.0 = Debug|Any CPU
		{49F0AD78-112F-4CB9-A01D-8FBFA3B18B1A}.Debug|x86.ActiveCfg = Debug|Any CPU
		{49F0AD78-112F-4CB9-A01D-8FBFA3B18B1A}.Debug|x86.Build.0 = Debug|Any CPU
		{49F0AD78-112F-4CB9-A01D-8FBFA3B18B1A}.Release|Any CPU.ActiveCfg = Release|Any CPU
		{49F0AD78-112F-4CB9-A01D-8FBFA3B18B1A}.Release|Any CPU.Build.0 = Release|Any CPU
		{49F0AD78-112F-4CB9-A01D-8FBFA3B18B1A}.Release|x64.ActiveCfg = Release|Any CPU
		{49F0AD78-112F-4CB9-A01D-8FBFA3B18B1A}.Release|x64.Build.0 = Release|Any CPU
		{49F0AD78-112F-4CB9-A01D-8FBFA3B18B1A}.Release|x86.ActiveCfg = Release|Any CPU
		{49F0AD78-112F-4CB9-A01D-8FBFA3B18B1A}.Release|x86.Build.0 = Release|Any CPU
	EndGlobalSection
	GlobalSection(SolutionProperties) = preSolution
		HideSolutionNode = FALSE
	EndGlobalSection
	GlobalSection(NestedProjects) = preSolution
		{FE360695-3F2B-1049-3887-35FBB5135923} = {827E0CD3-B72D-47B6-A68D-7590B98EB39B}
		{536940FF-0B32-44EE-ADF8-39AC5468C494} = {FE360695-3F2B-1049-3887-35FBB5135923}
		{FCDD9CCF-9926-412F-94AF-FA1F8839BC6F} = {0AB3BF05-4346-4AA6-1389-037BE0695223}
		{0EB9C1E8-36D9-4B53-BE18-8B9896319593} = {0AB3BF05-4346-4AA6-1389-037BE0695223}
		{2EABDEBB-1F78-446C-AF77-0E235E129AFB} = {FE360695-3F2B-1049-3887-35FBB5135923}
		{2F477172-A129-4300-940A-8F83A215C05A} = {FE360695-3F2B-1049-3887-35FBB5135923}
		{7ABE3902-DA12-424C-A4BA-D208CD2DC566} = {FE360695-3F2B-1049-3887-35FBB5135923}
		{9D4E4F24-5A4A-4EF7-B7D6-5048C93F914E} = {FE360695-3F2B-1049-3887-35FBB5135923}
		{474A94BF-D535-458D-A8C0-63B71CFF54CE} = {64880D93-BAB4-FF83-898C-B934B68C31A9}
		{150C8EB4-F83E-4257-AF9D-D533FCEC4151} = {64880D93-BAB4-FF83-898C-B934B68C31A9}
		{629928A5-41E9-4ACF-84D7-A4E3ACD8152E} = {827E0CD3-B72D-47B6-A68D-7590B98EB39B}
		{FBAA35E8-F583-49F1-B0F6-F5D6A0EA432C} = {629928A5-41E9-4ACF-84D7-A4E3ACD8152E}
		{8F31F7A2-95D3-4E58-B356-0A3AAC378B70} = {629928A5-41E9-4ACF-84D7-A4E3ACD8152E}
		{A5F79116-CAB9-4E0D-9A18-B193E0D5B564} = {629928A5-41E9-4ACF-84D7-A4E3ACD8152E}
		{49F0AD78-112F-4CB9-A01D-8FBFA3B18B1A} = {629928A5-41E9-4ACF-84D7-A4E3ACD8152E}
	EndGlobalSection
	GlobalSection(ExtensibilityGlobals) = postSolution
		SolutionGuid = {1E9F89F2-6387-4C45-ADF4-60B70E7FCAE0}
	EndGlobalSection
EndGlobal
